
Microsoft Visual Studio Solution File, Format Version 12.00
# Visual Studio Version 17
VisualStudioVersion = 17.10.35027.167
MinimumVisualStudioVersion = 10.0.40219.1
Project("{FAE04EC0-301F-11D3-BF4B-00C04F79EFBC}") = "ExpenseTrackerNewAPI", "ExpenseTrackerNewAPI\ExpenseTrackerNewAPI.csproj", "{F5A3E426-36C7-4A87-BB63-D20E19FEAFDA}"
EndProject
Global
	GlobalSection(SolutionConfigurationPlatforms) = preSolution
		Debug|Any CPU = Debug|Any CPU
		Release|Any CPU = Release|Any CPU
	EndGlobalSection
	GlobalSection(ProjectConfigurationPlatforms) = postSolution
		{F5A3E426-36C7-4A87-BB63-D20E19FEAFDA}.Debug|Any CPU.ActiveCfg = Debug|Any CPU
		{F5A3E426-36C7-4A87-BB63-D20E19FEAFDA}.Debug|Any CPU.Build.0 = Debug|Any CPU
		{F5A3E426-36C7-4A87-BB63-D20E19FEAFDA}.Release|Any CPU.ActiveCfg = Release|Any CPU
		{F5A3E426-36C7-4A87-BB63-D20E19FEAFDA}.Release|Any CPU.Build.0 = Release|Any CPU
	EndGlobalSection
	GlobalSection(SolutionProperties) = preSolution
		HideSolutionNode = FALSE
	EndGlobalSection
	GlobalSection(ExtensibilityGlobals) = postSolution
		SolutionGuid = {FB954A75-C452-44BB-BF80-81026881C0E2}
	EndGlobalSection
EndGlobal
